
Microsoft Visual Studio Solution File, Format Version 12.00
# Visual Studio 15
VisualStudioVersion = 15.0.26730.8
MinimumVisualStudioVersion = 10.0.40219.1
Project("{FAE04EC0-301F-11D3-BF4B-00C04F79EFBC}") = "HelixBuild.Sample.Web", "Projects\HelixBuild.Sample.Web\code\HelixBuild.Sample.Web.csproj", "{F8E9537B-7F77-42F9-97B7-83DA59D102F4}"
EndProject
Project("{2150E333-8FDC-42A3-9474-1A3956D46DE8}") = "Projects", "Projects", "{C6AFE021-EA20-477F-9509-01B6196B42DA}"
EndProject
Project("{2150E333-8FDC-42A3-9474-1A3956D46DE8}") = "Features", "Features", "{942607D4-222F-49E0-A2C2-4605CADC3834}"
EndProject
Project("{2150E333-8FDC-42A3-9474-1A3956D46DE8}") = "Foundation", "Foundation", "{506ADBBB-E8F5-46C2-93A5-54AD19D53CB3}"
EndProject
Project("{FAE04EC0-301F-11D3-BF4B-00C04F79EFBC}") = "HelixBuild.Feature1", "Features\HelixBuild.Feature1\code\HelixBuild.Feature1.csproj", "{55ED6F62-650D-4C68-89D7-7CE71D76E2A7}"
EndProject
Project("{FAE04EC0-301F-11D3-BF4B-00C04F79EFBC}") = "HelixBuild.Foundation1", "Foundation\HelixBuild.Foundation1\code\HelixBuild.Foundation1.csproj", "{74033504-283C-41F5-BC32-556D66820BA9}"
EndProject
Project("{2150E333-8FDC-42A3-9474-1A3956D46DE8}") = "Build", "Build", "{B16694E7-9887-4B25-8225-B96DD9AA67CA}"
	ProjectSection(SolutionItems) = preProject
		..\..\..\RichardSzalay.Helix.Publishing.Common.targets = ..\..\..\RichardSzalay.Helix.Publishing.Common.targets
	EndProjectSection
EndProject
Global
	GlobalSection(SolutionConfigurationPlatforms) = preSolution
		Debug|Any CPU = Debug|Any CPU
		Release|Any CPU = Release|Any CPU
	EndGlobalSection
	GlobalSection(ProjectConfigurationPlatforms) = postSolution
		{F8E9537B-7F77-42F9-97B7-83DA59D102F4}.Debug|Any CPU.ActiveCfg = Debug|Any CPU
		{F8E9537B-7F77-42F9-97B7-83DA59D102F4}.Debug|Any CPU.Build.0 = Debug|Any CPU
		{F8E9537B-7F77-42F9-97B7-83DA59D102F4}.Release|Any CPU.ActiveCfg = Release|Any CPU
		{F8E9537B-7F77-42F9-97B7-83DA59D102F4}.Release|Any CPU.Build.0 = Release|Any CPU
		{55ED6F62-650D-4C68-89D7-7CE71D76E2A7}.Debug|Any CPU.ActiveCfg = Debug|Any CPU
		{55ED6F62-650D-4C68-89D7-7CE71D76E2A7}.Debug|Any CPU.Build.0 = Debug|Any CPU
		{55ED6F62-650D-4C68-89D7-7CE71D76E2A7}.Release|Any CPU.ActiveCfg = Release|Any CPU
		{55ED6F62-650D-4C68-89D7-7CE71D76E2A7}.Release|Any CPU.Build.0 = Release|Any CPU
		{74033504-283C-41F5-BC32-556D66820BA9}.Debug|Any CPU.ActiveCfg = Debug|Any CPU
		{74033504-283C-41F5-BC32-556D66820BA9}.Debug|Any CPU.Build.0 = Debug|Any CPU
		{74033504-283C-41F5-BC32-556D66820BA9}.Release|Any CPU.ActiveCfg = Release|Any CPU
		{74033504-283C-41F5-BC32-556D66820BA9}.Release|Any CPU.Build.0 = Release|Any CPU
	EndGlobalSection
	GlobalSection(SolutionProperties) = preSolution
		HideSolutionNode = FALSE
	EndGlobalSection
	GlobalSection(NestedProjects) = preSolution
		{F8E9537B-7F77-42F9-97B7-83DA59D102F4} = {C6AFE021-EA20-477F-9509-01B6196B42DA}
		{55ED6F62-650D-4C68-89D7-7CE71D76E2A7} = {942607D4-222F-49E0-A2C2-4605CADC3834}
		{74033504-283C-41F5-BC32-556D66820BA9} = {506ADBBB-E8F5-46C2-93A5-54AD19D53CB3}
	EndGlobalSection
	GlobalSection(ExtensibilityGlobals) = postSolution
		SolutionGuid = {EFBCEB23-6581-4E9B-A88B-D4F9A2C7F786}
	EndGlobalSection
EndGlobal
